# This file is automatically @generated by Cargo.
# It is not intended for manual editing.
version = 4

[[package]]
name = "cli"
version = "0.0.0"

[[package]]
name = "daemon"
version = "0.0.0"

[[package]]
name = "metrics"
version = "0.0.0"

[[package]]
name = "platform-macos"
version = "0.0.0"
dependencies = [
 "metrics",
]

[[package]]
name = "protocol"
version = "0.0.0"
dependencies = [
 "protocol-generated",
]

[[package]]
name = "protocol-generated"
version = "0.0.0"

[[package]]
name = "transport"
version = "0.0.0"
